// !$*UTF8*$!
{
	archiveVersion = 1;
	classes = {
	};
	objectVersion = 50;
	objects = {

/* Begin PBXBuildFile section */
		DA14139B2727D9C600DE8C21 /* EmojiModel.swift in Sources */ = {isa = PBXBuildFile; fileRef = DA14139A2727D9C600DE8C21 /* EmojiModel.swift */; };
		DA14139F2727F54B00DE8C21 /* NewEmojiTableViewController.swift in Sources */ = {isa = PBXBuildFile; fileRef = DA14139E2727F54B00DE8C21 /* NewEmojiTableViewController.swift */; };
		DAA0CAF52726BF7600412E5B /* AppDelegate.swift in Sources */ = {isa = PBXBuildFile; fileRef = DAA0CAF42726BF7600412E5B /* AppDelegate.swift */; };
		DAA0CAF72726BF7600412E5B /* SceneDelegate.swift in Sources */ = {isa = PBXBuildFile; fileRef = DAA0CAF62726BF7600412E5B /* SceneDelegate.swift */; };
		DAA0CAF92726BF7600412E5B /* ViewController.swift in Sources */ = {isa = PBXBuildFile; fileRef = DAA0CAF82726BF7600412E5B /* ViewController.swift */; };
		DAA0CAFC2726BF7600412E5B /* Main.storyboard in Resources */ = {isa = PBXBuildFile; fileRef = DAA0CAFA2726BF7600412E5B /* Main.storyboard */; };
		DAA0CAFE2726BF7700412E5B /* Assets.xcassets in Resources */ = {isa = PBXBuildFile; fileRef = DAA0CAFD2726BF7700412E5B /* Assets.xcassets */; };
		DAA0CB012726BF7700412E5B /* LaunchScreen.storyboard in Resources */ = {isa = PBXBuildFile; fileRef = DAA0CAFF2726BF7700412E5B /* LaunchScreen.storyboard */; };
		DAA0CB0A2726C27000412E5B /* EmojiTableViewController.swift in Sources */ = {isa = PBXBuildFile; fileRef = DAA0CB092726C27000412E5B /* EmojiTableViewController.swift */; };
		DAA0CB0D2726C96600412E5B /* EmojiTableViewCell.swift in Sources */ = {isa = PBXBuildFile; fileRef = DAA0CB0C2726C96600412E5B /* EmojiTableViewCell.swift */; };
/* End PBXBuildFile section */

/* Begin PBXFileReference section */
		DA14139A2727D9C600DE8C21 /* EmojiModel.swift */ = {isa = PBXFileReference; lastKnownFileType = sourcecode.swift; path = EmojiModel.swift; sourceTree = "<group>"; };
		DA14139E2727F54B00DE8C21 /* NewEmojiTableViewController.swift */ = {isa = PBXFileReference; lastKnownFileType = sourcecode.swift; path = NewEmojiTableViewController.swift; sourceTree = "<group>"; };
		DAA0CAF12726BF7600412E5B /* EmojiReader.app */ = {isa = PBXFileReference; explicitFileType = wrapper.application; includeInIndex = 0; path = EmojiReader.app; sourceTree = BUILT_PRODUCTS_DIR; };
		DAA0CAF42726BF7600412E5B /* AppDelegate.swift */ = {isa = PBXFileReference; lastKnownFileType = sourcecode.swift; path = AppDelegate.swift; sourceTree = "<group>"; };
		DAA0CAF62726BF7600412E5B /* SceneDelegate.swift */ = {isa = PBXFileReference; lastKnownFileType = sourcecode.swift; path = SceneDelegate.swift; sourceTree = "<group>"; };
		DAA0CAF82726BF7600412E5B /* ViewController.swift */ = {isa = PBXFileReference; lastKnownFileType = sourcecode.swift; path = ViewController.swift; sourceTree = "<group>"; };
		DAA0CAFB2726BF7600412E5B /* Base */ = {isa = PBXFileReference; lastKnownFileType = file.storyboard; name = Base; path = Base.lproj/Main.storyboard; sourceTree = "<group>"; };
		DAA0CAFD2726BF7700412E5B /* Assets.xcassets */ = {isa = PBXFileReference; lastKnownFileType = folder.assetcatalog; path = Assets.xcassets; sourceTree = "<group>"; };
		DAA0CB002726BF7700412E5B /* Base */ = {isa = PBXFileReference; lastKnownFileType = file.storyboard; name = Base; path = Base.lproj/LaunchScreen.storyboard; sourceTree = "<group>"; };
		DAA0CB022726BF7700412E5B /* Info.plist */ = {isa = PBXFileReference; lastKnownFileType = text.plist.xml; path = Info.plist; sourceTree = "<group>"; };
		DAA0CB092726C27000412E5B /* EmojiTableViewController.swift */ = {isa = PBXFileReference; lastKnownFileType = sourcecode.swift; path = EmojiTableViewController.swift; sourceTree = "<group>"; };
		DAA0CB0C2726C96600412E5B /* EmojiTableViewCell.swift */ = {isa = PBXFileReference; lastKnownFileType = sourcecode.swift; path = EmojiTableViewCell.swift; sourceTree = "<group>"; };
/* End PBXFileReference section */

/* Begin PBXFrameworksBuildPhase section */
		DAA0CAEE2726BF7600412E5B /* Frameworks */ = {
			isa = PBXFrameworksBuildPhase;
			buildActionMask = 2147483647;
			files = (
			);
			runOnlyForDeploymentPostprocessing = 0;
		};
/* End PBXFrameworksBuildPhase section */

/* Begin PBXGroup section */
		DAA0CAE82726BF7600412E5B = {
			isa = PBXGroup;
			children = (
				DAA0CAF32726BF7600412E5B /* EmojiReader */,
				DAA0CAF22726BF7600412E5B /* Products */,
			);
			sourceTree = "<group>";
		};
		DAA0CAF22726BF7600412E5B /* Products */ = {
			isa = PBXGroup;
			children = (
				DAA0CAF12726BF7600412E5B /* EmojiReader.app */,
			);
			name = Products;
			sourceTree = "<group>";
		};
		DAA0CAF32726BF7600412E5B /* EmojiReader */ = {
			isa = PBXGroup;
			children = (
				DAA0CAF42726BF7600412E5B /* AppDelegate.swift */,
				DAA0CAF62726BF7600412E5B /* SceneDelegate.swift */,
				DAA0CAF82726BF7600412E5B /* ViewController.swift */,
				DA14139A2727D9C600DE8C21 /* EmojiModel.swift */,
				DAA0CB092726C27000412E5B /* EmojiTableViewController.swift */,
				DA14139E2727F54B00DE8C21 /* NewEmojiTableViewController.swift */,
				DAA0CB0C2726C96600412E5B /* EmojiTableViewCell.swift */,
				DAA0CAFA2726BF7600412E5B /* Main.storyboard */,
				DAA0CAFD2726BF7700412E5B /* Assets.xcassets */,
				DAA0CAFF2726BF7700412E5B /* LaunchScreen.storyboard */,
				DAA0CB022726BF7700412E5B /* Info.plist */,
			);
			path = EmojiReader;
			sourceTree = "<group>";
		};
/* End PBXGroup section */

/* Begin PBXNativeTarget section */
		DAA0CAF02726BF7600412E5B /* EmojiReader */ = {
			isa = PBXNativeTarget;
			buildConfigurationList = DAA0CB052726BF7700412E5B /* Build configuration list for PBXNativeTarget "EmojiReader" */;
			buildPhases = (
				DAA0CAED2726BF7600412E5B /* Sources */,
				DAA0CAEE2726BF7600412E5B /* Frameworks */,
				DAA0CAEF2726BF7600412E5B /* Resources */,
			);
			buildRules = (
			);
			dependencies = (
			);
			name = EmojiReader;
			productName = EmojiReader;
			productReference = DAA0CAF12726BF7600412E5B /* EmojiReader.app */;
			productType = "com.apple.product-type.application";
		};
/* End PBXNativeTarget section */

/* Begin PBXProject section */
		DAA0CAE92726BF7600412E5B /* Project object */ = {
			isa = PBXProject;
			attributes = {
				LastSwiftUpdateCheck = 1220;
				LastUpgradeCheck = 1220;
				TargetAttributes = {
					DAA0CAF02726BF7600412E5B = {
						CreatedOnToolsVersion = 12.2;
					};
				};
			};
			buildConfigurationList = DAA0CAEC2726BF7600412E5B /* Build configuration list for PBXProject "EmojiReader" */;
			compatibilityVersion = "Xcode 9.3";
			developmentRegion = en;
			hasScannedForEncodings = 0;
			knownRegions = (
				en,
				Base,
			);
			mainGroup = DAA0CAE82726BF7600412E5B;
			productRefGroup = DAA0CAF22726BF7600412E5B /* Products */;
			projectDirPath = "";
			projectRoot = "";
			targets = (
				DAA0CAF02726BF7600412E5B /* EmojiReader */,
			);
		};
/* End PBXProject section */

/* Begin PBXResourcesBuildPhase section */
		DAA0CAEF2726BF7600412E5B /* Resources */ = {
			isa = PBXResourcesBuildPhase;
			buildActionMask = 2147483647;
			files = (
				DAA0CB012726BF7700412E5B /* LaunchScreen.storyboard in Resources */,
				DAA0CAFE2726BF7700412E5B /* Assets.xcassets in Resources */,
				DAA0CAFC2726BF7600412E5B /* Main.storyboard in Resources */,
			);
			runOnlyForDeploymentPostprocessing = 0;
		};
/* End PBXResourcesBuildPhase section */

/* Begin PBXSourcesBuildPhase section */
		DAA0CAED2726BF7600412E5B /* Sources */ = {
			isa = PBXSourcesBuildPhase;
			buildActionMask = 2147483647;
			files = (
				DAA0CB0A2726C27000412E5B /* EmojiTableViewController.swift in Sources */,
				DAA0CAF92726BF7600412E5B /* ViewController.swift in Sources */,
				DA14139B2727D9C600DE8C21 /* EmojiModel.swift in Sources */,
				DAA0CB0D2726C96600412E5B /* EmojiTableViewCell.swift in Sources */,
				DA14139F2727F54B00DE8C21 /* NewEmojiTableViewController.swift in Sources */,
				DAA0CAF52726BF7600412E5B /* AppDelegate.swift in Sources */,
				DAA0CAF72726BF7600412E5B /* SceneDelegate.swift in Sources */,
			);
			runOnlyForDeploymentPostprocessing = 0;
		};
/* End PBXSourcesBuildPhase section */

/* Begin PBXVariantGroup section */
		DAA0CAFA2726BF7600412E5B /* Main.storyboard */ = {
			isa = PBXVariantGroup;
			children = (
				DAA0CAFB2726BF7600412E5B /* Base */,
			);
			name = Main.storyboard;
			sourceTree = "<group>";
		};
		DAA0CAFF2726BF7700412E5B /* LaunchScreen.storyboard */ = {
			isa = PBXVariantGroup;
			children = (
				DAA0CB002726BF7700412E5B /* Base */,
			);
			name = LaunchScreen.storyboard;
			sourceTree = "<group>";
		};
/* End PBXVariantGroup section */

/* Begin XCBuildConfiguration section */
		DAA0CB032726BF7700412E5B /* Debug */ = {
			isa = XCBuildConfiguration;
			buildSettings = {
				ALWAYS_SEARCH_USER_PATHS = NO;
				CLANG_ANALYZER_NONNULL = YES;
				CLANG_ANALYZER_NUMBER_OBJECT_CONVERSION = YES_AGGRESSIVE;
				CLANG_CXX_LANGUAGE_STANDARD = "gnu++14";
				CLANG_CXX_LIBRARY = "libc++";
				CLANG_ENABLE_MODULES = YES;
				CLANG_ENABLE_OBJC_ARC = YES;
				CLANG_ENABLE_OBJC_WEAK = YES;
				CLANG_WARN_BLOCK_CAPTURE_AUTORELEASING = YES;
				CLANG_WARN_BOOL_CONVERSION = YES;
				CLANG_WARN_COMMA = YES;
				CLANG_WARN_CONSTANT_CONVERSION = YES;
				CLANG_WARN_DEPRECATED_OBJC_IMPLEMENTATIONS = YES;
				CLANG_WARN_DIRECT_OBJC_ISA_USAGE = YES_ERROR;
				CLANG_WARN_DOCUMENTATION_COMMENTS = YES;
				CLANG_WARN_EMPTY_BODY = YES;
				CLANG_WARN_ENUM_CONVERSION = YES;
				CLANG_WARN_INFINITE_RECURSION = YES;
				CLANG_WARN_INT_CONVERSION = YES;
				CLANG_WARN_NON_LITERAL_NULL_CONVERSION = YES;
				CLANG_WARN_OBJC_IMPLICIT_RETAIN_SELF = YES;
				CLANG_WARN_OBJC_LITERAL_CONVERSION = YES;
				CLANG_WARN_OBJC_ROOT_CLASS = YES_ERROR;
				CLANG_WARN_QUOTED_INCLUDE_IN_FRAMEWORK_HEADER = YES;
				CLANG_WARN_RANGE_LOOP_ANALYSIS = YES;
				CLANG_WARN_STRICT_PROTOTYPES = YES;
				CLANG_WARN_SUSPICIOUS_MOVE = YES;
				CLANG_WARN_UNGUARDED_AVAILABILITY = YES_AGGRESSIVE;
				CLANG_WARN_UNREACHABLE_CODE = YES;
				CLANG_WARN__DUPLICATE_METHOD_MATCH = YES;
				COPY_PHASE_STRIP = NO;
				DEBUG_INFORMATION_FORMAT = dwarf;
				ENABLE_STRICT_OBJC_MSGSEND = YES;
				ENABLE_TESTABILITY = YES;
				GCC_C_LANGUAGE_STANDARD = gnu11;
				GCC_DYNAMIC_NO_PIC = NO;
				GCC_NO_COMMON_BLOCKS = YES;
				GCC_OPTIMIZATION_LEVEL = 0;
				GCC_PREPROCESSOR_DEFINITIONS = (
					"DEBUG=1",
					"$(inherited)",
				);
				GCC_WARN_64_TO_32_BIT_CONVERSION = YES;
				GCC_WARN_ABOUT_RETURN_TYPE = YES_ERROR;
				GCC_WARN_UNDECLARED_SELECTOR = YES;
				GCC_WARN_UNINITIALIZED_AUTOS = YES_AGGRESSIVE;
				GCC_WARN_UNUSED_FUNCTION = YES;
				GCC_WARN_UNUSED_VARIABLE = YES;
				IPHONEOS_DEPLOYMENT_TARGET = 14.2;
				MTL_ENABLE_DEBUG_INFO = INCLUDE_SOURCE;
				MTL_FAST_MATH = YES;
				ONLY_ACTIVE_ARCH = YES;
				SDKROOT = iphoneos;
				SWIFT_ACTIVE_COMPILATION_CONDITIONS = DEBUG;
				SWIFT_OPTIMIZATION_LEVEL = "-Onone";
			};
			name = Debug;
		};
		DAA0CB042726BF7700412E5B /* Release */ = {
			isa = XCBuildConfiguration;
			buildSettings = {
				ALWAYS_SEARCH_USER_PATHS = NO;
				CLANG_ANALYZER_NONNULL = YES;
				CLANG_ANALYZER_NUMBER_OBJECT_CONVERSION = YES_AGGRESSIVE;
				CLANG_CXX_LANGUAGE_STANDARD = "gnu++14";
				CLANG_CXX_LIBRARY = "libc++";
				CLANG_ENABLE_MODULES = YES;
				CLANG_ENABLE_OBJC_ARC = YES;
				CLANG_ENABLE_OBJC_WEAK = YES;
				CLANG_WARN_BLOCK_CAPTURE_AUTORELEASING = YES;
				CLANG_WARN_BOOL_CONVERSION = YES;
				CLANG_WARN_COMMA = YES;
				CLANG_WARN_CONSTANT_CONVERSION = YES;
				CLANG_WARN_DEPRECATED_OBJC_IMPLEMENTATIONS = YES;
				CLANG_WARN_DIRECT_OBJC_ISA_USAGE = YES_ERROR;
				CLANG_WARN_DOCUMENTATION_COMMENTS = YES;
				CLANG_WARN_EMPTY_BODY = YES;
				CLANG_WARN_ENUM_CONVERSION = YES;
				CLANG_WARN_INFINITE_RECURSION = YES;
				CLANG_WARN_INT_CONVERSION = YES;
				CLANG_WARN_NON_LITERAL_NULL_CONVERSION = YES;
				CLANG_WARN_OBJC_IMPLICIT_RETAIN_SELF = YES;
				CLANG_WARN_OBJC_LITERAL_CONVERSION = YES;
				CLANG_WARN_OBJC_ROOT_CLASS = YES_ERROR;
				CLANG_WARN_QUOTED_INCLUDE_IN_FRAMEWORK_HEADER = YES;
				CLANG_WARN_RANGE_LOOP_ANALYSIS = YES;
				CLANG_WARN_STRICT_PROTOTYPES = YES;
				CLANG_WARN_SUSPICIOUS_MOVE = YES;
				CLANG_WARN_UNGUARDED_AVAILABILITY = YES_AGGRESSIVE;
				CLANG_WARN_UNREACHABLE_CODE = YES;
				CLANG_WARN__DUPLICATE_METHOD_MATCH = YES;
				COPY_PHASE_STRIP = NO;
				DEBUG_INFORMATION_FORMAT = "dwarf-with-dsym";
				ENABLE_NS_ASSERTIONS = NO;
				ENABLE_STRICT_OBJC_MSGSEND = YES;
				GCC_C_LANGUAGE_STANDARD = gnu11;
				GCC_NO_COMMON_BLOCKS = YES;
				GCC_WARN_64_TO_32_BIT_CONVERSION = YES;
				GCC_WARN_ABOUT_RETURN_TYPE = YES_ERROR;
				GCC_WARN_UNDECLARED_SELECTOR = YES;
				GCC_WARN_UNINITIALIZED_AUTOS = YES_AGGRESSIVE;
				GCC_WARN_UNUSED_FUNCTION = YES;
				GCC_WARN_UNUSED_VARIABLE = YES;
				IPHONEOS_DEPLOYMENT_TARGET = 14.2;
				MTL_ENABLE_DEBUG_INFO = NO;
				MTL_FAST_MATH = YES;
				SDKROOT = iphoneos;
				SWIFT_COMPILATION_MODE = wholemodule;
				SWIFT_OPTIMIZATION_LEVEL = "-O";
				VALIDATE_PRODUCT = YES;
			};
			name = Release;
		};
		DAA0CB062726BF7700412E5B /* Debug */ = {
			isa = XCBuildConfiguration;
			buildSettings = {
				ASSETCATALOG_COMPILER_APPICON_NAME = AppIcon;
				ASSETCATALOG_COMPILER_GLOBAL_ACCENT_COLOR_NAME = AccentColor;
				CODE_SIGN_STYLE = Automatic;
				INFOPLIST_FILE = EmojiReader/Info.plist;
				LD_RUNPATH_SEARCH_PATHS = (
					"$(inherited)",
					"@executable_path/Frameworks",
				);
				PRODUCT_BUNDLE_IDENTIFIER = PavelKochura.EmojiReader;
				PRODUCT_NAME = "$(TARGET_NAME)";
				SWIFT_VERSION = 5.0;
				TARGETED_DEVICE_FAMILY = "1,2";
			};
			name = Debug;
		};
		DAA0CB072726BF7700412E5B /* Release */ = {
			isa = XCBuildConfiguration;
			buildSettings = {
				ASSETCATALOG_COMPILER_APPICON_NAME = AppIcon;
				ASSETCATALOG_COMPILER_GLOBAL_ACCENT_COLOR_NAME = AccentColor;
				CODE_SIGN_STYLE = Automatic;
				INFOPLIST_FILE = EmojiReader/Info.plist;
				LD_RUNPATH_SEARCH_PATHS = (
					"$(inherited)",
					"@executable_path/Frameworks",
				);
				PRODUCT_BUNDLE_IDENTIFIER = PavelKochura.EmojiReader;
				PRODUCT_NAME = "$(TARGET_NAME)";
				SWIFT_VERSION = 5.0;
				TARGETED_DEVICE_FAMILY = "1,2";
			};
			name = Release;
		};
/* End XCBuildConfiguration section */

/* Begin XCConfigurationList section */
		DAA0CAEC2726BF7600412E5B /* Build configuration list for PBXProject "EmojiReader" */ = {
			isa = XCConfigurationList;
			buildConfigurations = (
				DAA0CB032726BF7700412E5B /* Debug */,
				DAA0CB042726BF7700412E5B /* Release */,
			);
			defaultConfigurationIsVisible = 0;
			defaultConfigurationName = Release;
		};
		DAA0CB052726BF7700412E5B /* Build configuration list for PBXNativeTarget "EmojiReader" */ = {
			isa = XCConfigurationList;
			buildConfigurations = (
				DAA0CB062726BF7700412E5B /* Debug */,
				DAA0CB072726BF7700412E5B /* Release */,
			);
			defaultConfigurationIsVisible = 0;
			defaultConfigurationName = Release;
		};
/* End XCConfigurationList section */
	};
	rootObject = DAA0CAE92726BF7600412E5B /* Project object */;
}
